// !$*UTF8*$!
{
	archiveVersion = 1;
	classes = {
	};
	objectVersion = 46;
	objects = {

/* Begin PBXBuildFile section */
		131590051782EEAF00CC53D4 /* UIKit.framework in Frameworks */ = {isa = PBXBuildFile; fileRef = 131590041782EEAF00CC53D4 /* UIKit.framework */; };
		131590071782EEAF00CC53D4 /* Foundation.framework in Frameworks */ = {isa = PBXBuildFile; fileRef = 131590061782EEAF00CC53D4 /* Foundation.framework */; };
		131590091782EEAF00CC53D4 /* CoreGraphics.framework in Frameworks */ = {isa = PBXBuildFile; fileRef = 131590081782EEAF00CC53D4 /* CoreGraphics.framework */; };
		1315900F1782EEAF00CC53D4 /* InfoPlist.strings in Resources */ = {isa = PBXBuildFile; fileRef = 1315900D1782EEAF00CC53D4 /* InfoPlist.strings */; };
		131590111782EEAF00CC53D4 /* main.m in Sources */ = {isa = PBXBuildFile; fileRef = 131590101782EEAF00CC53D4 /* main.m */; };
		131590151782EEAF00CC53D4 /* ABSAppDelegate.m in Sources */ = {isa = PBXBuildFile; fileRef = 131590141782EEAF00CC53D4 /* ABSAppDelegate.m */; };
		131590171782EEAF00CC53D4 /* Default.png in Resources */ = {isa = PBXBuildFile; fileRef = 131590161782EEAF00CC53D4 /* Default.png */; };
		131590191782EEAF00CC53D4 /* Default@2x.png in Resources */ = {isa = PBXBuildFile; fileRef = 131590181782EEAF00CC53D4 /* Default@2x.png */; };
		1315901B1782EEAF00CC53D4 /* Default-568h@2x.png in Resources */ = {isa = PBXBuildFile; fileRef = 1315901A1782EEAF00CC53D4 /* Default-568h@2x.png */; };
		1315901E1782EEAF00CC53D4 /* MainStoryboard.storyboard in Resources */ = {isa = PBXBuildFile; fileRef = 1315901C1782EEAF00CC53D4 /* MainStoryboard.storyboard */; };
		131590291782EF7800CC53D4 /* ABSLoginViewController.m in Sources */ = {isa = PBXBuildFile; fileRef = 131590281782EF7800CC53D4 /* ABSLoginViewController.m */; };
		13A4575417858610001D190F /* ABSMainViewController.m in Sources */ = {isa = PBXBuildFile; fileRef = 13A4575317858610001D190F /* ABSMainViewController.m */; };
		13AF859B178442620006217D /* ABSMainTableViewCell.m in Sources */ = {isa = PBXBuildFile; fileRef = 13AF859A178442620006217D /* ABSMainTableViewCell.m */; };
		13AF85A0178442C10006217D /* ABSMainCollectionCell.m in Sources */ = {isa = PBXBuildFile; fileRef = 13AF859F178442C10006217D /* ABSMainCollectionCell.m */; };
		13AF85A717844DB40006217D /* ABSFileObject.m in Sources */ = {isa = PBXBuildFile; fileRef = 13AF85A617844DB40006217D /* ABSFileObject.m */; };
/* End PBXBuildFile section */

/* Begin PBXFileReference section */
		131590011782EEAF00CC53D4 /* Content2Go.app */ = {isa = PBXFileReference; explicitFileType = wrapper.application; includeInIndex = 0; path = Content2Go.app; sourceTree = BUILT_PRODUCTS_DIR; };
		131590041782EEAF00CC53D4 /* UIKit.framework */ = {isa = PBXFileReference; lastKnownFileType = wrapper.framework; name = UIKit.framework; path = System/Library/Frameworks/UIKit.framework; sourceTree = SDKROOT; };
		131590061782EEAF00CC53D4 /* Foundation.framework */ = {isa = PBXFileReference; lastKnownFileType = wrapper.framework; name = Foundation.framework; path = System/Library/Frameworks/Foundation.framework; sourceTree = SDKROOT; };
		131590081782EEAF00CC53D4 /* CoreGraphics.framework */ = {isa = PBXFileReference; lastKnownFileType = wrapper.framework; name = CoreGraphics.framework; path = System/Library/Frameworks/CoreGraphics.framework; sourceTree = SDKROOT; };
		1315900C1782EEAF00CC53D4 /* Content2Go-Info.plist */ = {isa = PBXFileReference; lastKnownFileType = text.plist.xml; path = "Content2Go-Info.plist"; sourceTree = "<group>"; };
		1315900E1782EEAF00CC53D4 /* en */ = {isa = PBXFileReference; lastKnownFileType = text.plist.strings; name = en; path = en.lproj/InfoPlist.strings; sourceTree = "<group>"; };
		131590101782EEAF00CC53D4 /* main.m */ = {isa = PBXFileReference; lastKnownFileType = sourcecode.c.objc; path = main.m; sourceTree = "<group>"; };
		131590121782EEAF00CC53D4 /* Content2Go-Prefix.pch */ = {isa = PBXFileReference; lastKnownFileType = sourcecode.c.h; path = "Content2Go-Prefix.pch"; sourceTree = "<group>"; };
		131590131782EEAF00CC53D4 /* ABSAppDelegate.h */ = {isa = PBXFileReference; lastKnownFileType = sourcecode.c.h; path = ABSAppDelegate.h; sourceTree = "<group>"; };
		131590141782EEAF00CC53D4 /* ABSAppDelegate.m */ = {isa = PBXFileReference; lastKnownFileType = sourcecode.c.objc; path = ABSAppDelegate.m; sourceTree = "<group>"; };
		131590161782EEAF00CC53D4 /* Default.png */ = {isa = PBXFileReference; lastKnownFileType = image.png; path = Default.png; sourceTree = "<group>"; };
		131590181782EEAF00CC53D4 /* Default@2x.png */ = {isa = PBXFileReference; lastKnownFileType = image.png; path = "Default@2x.png"; sourceTree = "<group>"; };
		1315901A1782EEAF00CC53D4 /* Default-568h@2x.png */ = {isa = PBXFileReference; lastKnownFileType = image.png; path = "Default-568h@2x.png"; sourceTree = "<group>"; };
		1315901D1782EEAF00CC53D4 /* en */ = {isa = PBXFileReference; lastKnownFileType = file.storyboard; name = en; path = en.lproj/MainStoryboard.storyboard; sourceTree = "<group>"; };
		131590271782EF7800CC53D4 /* ABSLoginViewController.h */ = {isa = PBXFileReference; fileEncoding = 4; lastKnownFileType = sourcecode.c.h; name = ABSLoginViewController.h; path = Classes/ABSLoginViewController.h; sourceTree = "<group>"; };
		131590281782EF7800CC53D4 /* ABSLoginViewController.m */ = {isa = PBXFileReference; fileEncoding = 4; lastKnownFileType = sourcecode.c.objc; name = ABSLoginViewController.m; path = Classes/ABSLoginViewController.m; sourceTree = "<group>"; };
		13A4575317858610001D190F /* ABSMainViewController.m */ = {isa = PBXFileReference; fileEncoding = 4; lastKnownFileType = sourcecode.c.objc; path = ABSMainViewController.m; sourceTree = "<group>"; };
		13AF8599178442620006217D /* ABSMainTableViewCell.h */ = {isa = PBXFileReference; fileEncoding = 4; lastKnownFileType = sourcecode.c.h; name = ABSMainTableViewCell.h; path = Classes/ABSMainTableViewCell.h; sourceTree = "<group>"; };
		13AF859A178442620006217D /* ABSMainTableViewCell.m */ = {isa = PBXFileReference; fileEncoding = 4; lastKnownFileType = sourcecode.c.objc; name = ABSMainTableViewCell.m; path = Classes/ABSMainTableViewCell.m; sourceTree = "<group>"; };
		13AF859C178442850006217D /* ABSMainViewController.h */ = {isa = PBXFileReference; lastKnownFileType = sourcecode.c.h; name = ABSMainViewController.h; path = Classes/ABSMainViewController.h; sourceTree = "<group>"; };
		13AF859E178442C10006217D /* ABSMainCollectionCell.h */ = {isa = PBXFileReference; fileEncoding = 4; lastKnownFileType = sourcecode.c.h; name = ABSMainCollectionCell.h; path = Classes/ABSMainCollectionCell.h; sourceTree = "<group>"; };
		13AF859F178442C10006217D /* ABSMainCollectionCell.m */ = {isa = PBXFileReference; fileEncoding = 4; lastKnownFileType = sourcecode.c.objc; name = ABSMainCollectionCell.m; path = Classes/ABSMainCollectionCell.m; sourceTree = "<group>"; };
		13AF85A517844DB40006217D /* ABSFileObject.h */ = {isa = PBXFileReference; fileEncoding = 4; lastKnownFileType = sourcecode.c.h; name = ABSFileObject.h; path = Classes/ABSFileObject.h; sourceTree = "<group>"; };
		13AF85A617844DB40006217D /* ABSFileObject.m */ = {isa = PBXFileReference; fileEncoding = 4; lastKnownFileType = sourcecode.c.objc; name = ABSFileObject.m; path = Classes/ABSFileObject.m; sourceTree = "<group>"; };
/* End PBXFileReference section */

/* Begin PBXFrameworksBuildPhase section */
		13158FFE1782EEAF00CC53D4 /* Frameworks */ = {
			isa = PBXFrameworksBuildPhase;
			buildActionMask = 2147483647;
			files = (
				131590051782EEAF00CC53D4 /* UIKit.framework in Frameworks */,
				131590071782EEAF00CC53D4 /* Foundation.framework in Frameworks */,
				131590091782EEAF00CC53D4 /* CoreGraphics.framework in Frameworks */,
			);
			runOnlyForDeploymentPostprocessing = 0;
		};
/* End PBXFrameworksBuildPhase section */

/* Begin PBXGroup section */
		13158FF81782EEAF00CC53D4 = {
			isa = PBXGroup;
			children = (
				1315900A1782EEAF00CC53D4 /* Content2Go */,
				131590031782EEAF00CC53D4 /* Frameworks */,
				131590021782EEAF00CC53D4 /* Products */,
			);
			sourceTree = "<group>";
		};
		131590021782EEAF00CC53D4 /* Products */ = {
			isa = PBXGroup;
			children = (
				131590011782EEAF00CC53D4 /* Content2Go.app */,
			);
			name = Products;
			sourceTree = "<group>";
		};
		131590031782EEAF00CC53D4 /* Frameworks */ = {
			isa = PBXGroup;
			children = (
				131590041782EEAF00CC53D4 /* UIKit.framework */,
				131590061782EEAF00CC53D4 /* Foundation.framework */,
				131590081782EEAF00CC53D4 /* CoreGraphics.framework */,
			);
			name = Frameworks;
			sourceTree = "<group>";
		};
		1315900A1782EEAF00CC53D4 /* Content2Go */ = {
			isa = PBXGroup;
			children = (
				131590131782EEAF00CC53D4 /* ABSAppDelegate.h */,
				131590141782EEAF00CC53D4 /* ABSAppDelegate.m */,
				1315901C1782EEAF00CC53D4 /* MainStoryboard.storyboard */,
				13AF85A1178446070006217D /* Controllers */,
				13AF8598178442190006217D /* Cells */,
				13AF85A2178446210006217D /* Objects */,
				1315900B1782EEAF00CC53D4 /* Supporting Files */,
			);
			path = Content2Go;
			sourceTree = "<group>";
		};
		1315900B1782EEAF00CC53D4 /* Supporting Files */ = {
			isa = PBXGroup;
			children = (
				1315900C1782EEAF00CC53D4 /* Content2Go-Info.plist */,
				1315900D1782EEAF00CC53D4 /* InfoPlist.strings */,
				131590101782EEAF00CC53D4 /* main.m */,
				131590121782EEAF00CC53D4 /* Content2Go-Prefix.pch */,
				131590161782EEAF00CC53D4 /* Default.png */,
				131590181782EEAF00CC53D4 /* Default@2x.png */,
				1315901A1782EEAF00CC53D4 /* Default-568h@2x.png */,
			);
			name = "Supporting Files";
			sourceTree = "<group>";
		};
		13AF8598178442190006217D /* Cells */ = {
			isa = PBXGroup;
			children = (
				13AF8599178442620006217D /* ABSMainTableViewCell.h */,
				13AF859A178442620006217D /* ABSMainTableViewCell.m */,
				13AF859E178442C10006217D /* ABSMainCollectionCell.h */,
				13AF859F178442C10006217D /* ABSMainCollectionCell.m */,
			);
			name = Cells;
			sourceTree = "<group>";
		};
		13AF85A1178446070006217D /* Controllers */ = {
			isa = PBXGroup;
			children = (
				131590271782EF7800CC53D4 /* ABSLoginViewController.h */,
				131590281782EF7800CC53D4 /* ABSLoginViewController.m */,
				13AF859C178442850006217D /* ABSMainViewController.h */,
				13A4575317858610001D190F /* ABSMainViewController.m */,
			);
			name = Controllers;
			sourceTree = "<group>";
		};
		13AF85A2178446210006217D /* Objects */ = {
			isa = PBXGroup;
			children = (
				13AF85A517844DB40006217D /* ABSFileObject.h */,
				13AF85A617844DB40006217D /* ABSFileObject.m */,
			);
			name = Objects;
			sourceTree = "<group>";
		};
/* End PBXGroup section */

/* Begin PBXNativeTarget section */
		131590001782EEAF00CC53D4 /* Content2Go */ = {
			isa = PBXNativeTarget;
			buildConfigurationList = 131590241782EEAF00CC53D4 /* Build configuration list for PBXNativeTarget "Content2Go" */;
			buildPhases = (
				13158FFD1782EEAF00CC53D4 /* Sources */,
				13158FFE1782EEAF00CC53D4 /* Frameworks */,
				13158FFF1782EEAF00CC53D4 /* Resources */,
			);
			buildRules = (
			);
			dependencies = (
			);
			name = Content2Go;
			productName = Content2Go;
			productReference = 131590011782EEAF00CC53D4 /* Content2Go.app */;
			productType = "com.apple.product-type.application";
		};
/* End PBXNativeTarget section */

/* Begin PBXProject section */
		13158FF91782EEAF00CC53D4 /* Project object */ = {
			isa = PBXProject;
			attributes = {
				CLASSPREFIX = ABS;
				LastUpgradeCheck = 0460;
				ORGANIZATIONNAME = Absolute;
			};
			buildConfigurationList = 13158FFC1782EEAF00CC53D4 /* Build configuration list for PBXProject "Content2Go" */;
			compatibilityVersion = "Xcode 3.2";
			developmentRegion = English;
			hasScannedForEncodings = 0;
			knownRegions = (
				en,
			);
			mainGroup = 13158FF81782EEAF00CC53D4;
			productRefGroup = 131590021782EEAF00CC53D4 /* Products */;
			projectDirPath = "";
			projectRoot = "";
			targets = (
				131590001782EEAF00CC53D4 /* Content2Go */,
			);
		};
/* End PBXProject section */

/* Begin PBXResourcesBuildPhase section */
		13158FFF1782EEAF00CC53D4 /* Resources */ = {
			isa = PBXResourcesBuildPhase;
			buildActionMask = 2147483647;
			files = (
				1315900F1782EEAF00CC53D4 /* InfoPlist.strings in Resources */,
				131590171782EEAF00CC53D4 /* Default.png in Resources */,
				131590191782EEAF00CC53D4 /* Default@2x.png in Resources */,
				1315901B1782EEAF00CC53D4 /* Default-568h@2x.png in Resources */,
				1315901E1782EEAF00CC53D4 /* MainStoryboard.storyboard in Resources */,
			);
			runOnlyForDeploymentPostprocessing = 0;
		};
/* End PBXResourcesBuildPhase section */

/* Begin PBXSourcesBuildPhase section */
		13158FFD1782EEAF00CC53D4 /* Sources */ = {
			isa = PBXSourcesBuildPhase;
			buildActionMask = 2147483647;
			files = (
				131590111782EEAF00CC53D4 /* main.m in Sources */,
				131590151782EEAF00CC53D4 /* ABSAppDelegate.m in Sources */,
				131590291782EF7800CC53D4 /* ABSLoginViewController.m in Sources */,
				13AF859B178442620006217D /* ABSMainTableViewCell.m in Sources */,
				13AF85A0178442C10006217D /* ABSMainCollectionCell.m in Sources */,
				13A4575417858610001D190F /* ABSMainViewController.m in Sources */,
				13AF85A717844DB40006217D /* ABSFileObject.m in Sources */,
			);
			runOnlyForDeploymentPostprocessing = 0;
		};
/* End PBXSourcesBuildPhase section */

/* Begin PBXVariantGroup section */
		1315900D1782EEAF00CC53D4 /* InfoPlist.strings */ = {
			isa = PBXVariantGroup;
			children = (
				1315900E1782EEAF00CC53D4 /* en */,
			);
			name = InfoPlist.strings;
			sourceTree = "<group>";
		};
		1315901C1782EEAF00CC53D4 /* MainStoryboard.storyboard */ = {
			isa = PBXVariantGroup;
			children = (
				1315901D1782EEAF00CC53D4 /* en */,
			);
			name = MainStoryboard.storyboard;
			sourceTree = "<group>";
		};
/* End PBXVariantGroup section */

/* Begin XCBuildConfiguration section */
		131590221782EEAF00CC53D4 /* Debug */ = {
			isa = XCBuildConfiguration;
			buildSettings = {
				ALWAYS_SEARCH_USER_PATHS = NO;
				CLANG_CXX_LANGUAGE_STANDARD = "gnu++0x";
				CLANG_CXX_LIBRARY = "libc++";
				CLANG_ENABLE_OBJC_ARC = YES;
				CLANG_WARN_CONSTANT_CONVERSION = YES;
				CLANG_WARN_EMPTY_BODY = YES;
				CLANG_WARN_ENUM_CONVERSION = YES;
				CLANG_WARN_INT_CONVERSION = YES;
				CLANG_WARN__DUPLICATE_METHOD_MATCH = YES;
				COPY_PHASE_STRIP = NO;
				GCC_C_LANGUAGE_STANDARD = gnu99;
				GCC_DYNAMIC_NO_PIC = NO;
				GCC_OPTIMIZATION_LEVEL = 0;
				GCC_PREPROCESSOR_DEFINITIONS = (
					"DEBUG=1",
					"$(inherited)",
				);
				GCC_SYMBOLS_PRIVATE_EXTERN = NO;
				GCC_WARN_ABOUT_RETURN_TYPE = YES;
				GCC_WARN_UNINITIALIZED_AUTOS = YES;
				GCC_WARN_UNUSED_VARIABLE = YES;
				IPHONEOS_DEPLOYMENT_TARGET = 6.0;
				ONLY_ACTIVE_ARCH = YES;
				SDKROOT = iphoneos;
				TARGETED_DEVICE_FAMILY = 2;
			};
			name = Debug;
		};
		131590231782EEAF00CC53D4 /* Release */ = {
			isa = XCBuildConfiguration;
			buildSettings = {
				ALWAYS_SEARCH_USER_PATHS = NO;
				CLANG_CXX_LANGUAGE_STANDARD = "gnu++0x";
				CLANG_CXX_LIBRARY = "libc++";
				CLANG_ENABLE_OBJC_ARC = YES;
				CLANG_WARN_CONSTANT_CONVERSION = YES;
				CLANG_WARN_EMPTY_BODY = YES;
				CLANG_WARN_ENUM_CONVERSION = YES;
				CLANG_WARN_INT_CONVERSION = YES;
				CLANG_WARN__DUPLICATE_METHOD_MATCH = YES;
				COPY_PHASE_STRIP = YES;
				GCC_C_LANGUAGE_STANDARD = gnu99;
				GCC_WARN_ABOUT_RETURN_TYPE = YES;
				GCC_WARN_UNINITIALIZED_AUTOS = YES;
				GCC_WARN_UNUSED_VARIABLE = YES;
				IPHONEOS_DEPLOYMENT_TARGET = 6.0;
				OTHER_CFLAGS = "-DNS_BLOCK_ASSERTIONS=1";
				SDKROOT = iphoneos;
				TARGETED_DEVICE_FAMILY = 2;
				VALIDATE_PRODUCT = YES;
			};
			name = Release;
		};
		131590251782EEAF00CC53D4 /* Debug */ = {
			isa = XCBuildConfiguration;
			buildSettings = {
				GCC_PRECOMPILE_PREFIX_HEADER = YES;
				GCC_PREFIX_HEADER = "Content2Go/Content2Go-Prefix.pch";
				INFOPLIST_FILE = "Content2Go/Content2Go-Info.plist";
				PRODUCT_NAME = "$(TARGET_NAME)";
				WRAPPER_EXTENSION = app;
			};
			name = Debug;
		};
		131590261782EEAF00CC53D4 /* Release */ = {
			isa = XCBuildConfiguration;
			buildSettings = {
				GCC_PRECOMPILE_PREFIX_HEADER = YES;
				GCC_PREFIX_HEADER = "Content2Go/Content2Go-Prefix.pch";
				INFOPLIST_FILE = "Content2Go/Content2Go-Info.plist";
				PRODUCT_NAME = "$(TARGET_NAME)";
				WRAPPER_EXTENSION = app;
			};
			name = Release;
		};
/* End XCBuildConfiguration section */

/* Begin XCConfigurationList section */
		13158FFC1782EEAF00CC53D4 /* Build configuration list for PBXProject "Content2Go" */ = {
			isa = XCConfigurationList;
			buildConfigurations = (
				131590221782EEAF00CC53D4 /* Debug */,
				131590231782EEAF00CC53D4 /* Release */,
			);
			defaultConfigurationIsVisible = 0;
			defaultConfigurationName = Release;
		};
		131590241782EEAF00CC53D4 /* Build configuration list for PBXNativeTarget "Content2Go" */ = {
			isa = XCConfigurationList;
			buildConfigurations = (
				131590251782EEAF00CC53D4 /* Debug */,
				131590261782EEAF00CC53D4 /* Release */,
			);
			defaultConfigurationIsVisible = 0;
			defaultConfigurationName = Release;
		};
/* End XCConfigurationList section */
	};
	rootObject = 13158FF91782EEAF00CC53D4 /* Project object */;
}
